{
  "name": "bin-wkhtmltopdf",
  "version": "1.1.0",
  "lockfileVersion": 1,
  "requires": true,
  "dependencies": {
    "minimist": {
      "version": "1.2.0",
      "resolved": "https://registry.npmjs.org/minimist/-/minimist-1.2.0.tgz",
      "integrity": "sha1-o1AIsg9BOD7sH7kU9M1d95omQoQ="
    },
    "tunnel": {
      "version": "0.0.2",
      "resolved": "https://registry.npmjs.org/tunnel/-/tunnel-0.0.2.tgz",
      "integrity": "sha1-8jvNi3p7ioZCYbIIT2b5MZM5YzQ="
    },
    "wget-improved": {
      "version": "1.5.0",
      "resolved": "https://registry.npmjs.org/wget-improved/-/wget-improved-1.5.0.tgz",
      "integrity": "sha512-t+G+g9SQSy2h2+dg7h54r9adllfdI0fHHtshbl1V4jwIIBj1c10SmHwjP8vFx9fn1dr9QuF27uC7xoZr9YwEmg==",
      "requires": {
        "minimist": "1.2.0",
        "tunnel": "0.0.2"
      }
    }
  }
}
